
Microsoft Visual Studio Solution File, Format Version 12.00
# Visual Studio Version 17
VisualStudioVersion = 17.0.31903.59
MinimumVisualStudioVersion = 10.0.40219.1
Project("{FAE04EC0-301F-11D3-BF4B-00C04F79EFBC}") = "OrchestrationPlatform.Api", "OrchestrationPlatform.Api\OrchestrationPlatform.Api.csproj", "{5DC0E975-EB28-4BFD-A5F1-14892BA04442}"
EndProject
Project("{FAE04EC0-301F-11D3-BF4B-00C04F79EFBC}") = "OrchestrationPlatform.Application", "OrchestrationPlatform.Application\OrchestrationPlatform.Application.csproj", "{9C781B78-36A8-4B3C-88C0-99FA05DC4A0F}"
EndProject
Project("{FAE04EC0-301F-11D3-BF4B-00C04F79EFBC}") = "OrchestrationPlatform.Domain", "OrchestrationPlatform.Domain\OrchestrationPlatform.Domain.csproj", "{455EFF53-87A1-4C0F-B6FE-72CABBDC7229}"
EndProject
Project("{FAE04EC0-301F-11D3-BF4B-00C04F79EFBC}") = "OrchestrationPlatform.Infrastructure.External", "OrchestrationPlatform.Infrastructure.External\OrchestrationPlatform.Infrastructure.External.csproj", "{FA22A232-B503-48F3-A2A8-6424F69EEC18}"
EndProject
Project("{FAE04EC0-301F-11D3-BF4B-00C04F79EFBC}") = "OrchestrationPlatform.Infrastructure.Persistence", "OrchestrationPlatform.Infrastructure.Persistence\OrchestrationPlatform.Infrastructure.Persistence.csproj", "{BE9CEEDE-C282-4C35-9FB8-1295593709BE}"
EndProject
Project("{FAE04EC0-301F-11D3-BF4B-00C04F79EFBC}") = "OrchestrationPlatform.Web", "OrchestrationPlatform.Web\OrchestrationPlatform.Web.csproj", "{EE1CE187-0EFF-4C82-ADBE-7CDA2FCDD095}"
EndProject
Project("{2150E333-8FDC-42A3-9474-1A3956D46DE8}") = "src", "src", "{DAB2A8E1-4C8E-4790-9B4F-21C121C26493}"
EndProject
Project("{2150E333-8FDC-42A3-9474-1A3956D46DE8}") = "Core", "Core", "{9DB90D91-561C-4E60-98AE-A4A20267BB44}"
EndProject
Project("{2150E333-8FDC-42A3-9474-1A3956D46DE8}") = "web", "web", "{9725DDAA-E48C-4A87-8C03-119D1C15D532}"
EndProject
Project("{2150E333-8FDC-42A3-9474-1A3956D46DE8}") = "Infrastructure", "Infrastructure", "{57951CC5-3783-49E8-85CE-436E885BD085}"
EndProject
Project("{2150E333-8FDC-42A3-9474-1A3956D46DE8}") = "tests", "tests", "{7E374A3D-ED83-4011-B491-1E63FEBDA044}"
EndProject
Project("{2150E333-8FDC-42A3-9474-1A3956D46DE8}") = "presentation", "presentation", "{43BBEDB7-EAFD-4108-A1F2-A760D5B59E45}"
EndProject
Project("{2150E333-8FDC-42A3-9474-1A3956D46DE8}") = "api", "api", "{313CAFB4-37EF-47C4-A776-56F679B11228}"
EndProject
Project("{2150E333-8FDC-42A3-9474-1A3956D46DE8}") = "Presentation", "Presentation", "{4AF5C1A1-9CC5-4BC9-8394-5A4A6822EFEA}"
EndProject
Project("{2150E333-8FDC-42A3-9474-1A3956D46DE8}") = "Solution Items", "Solution Items", "{AE298B7F-6801-4FA3-8675-E4BC80AA255A}"
	ProjectSection(SolutionItems) = preProject
		.gitignore = .gitignore
		README.md = README.md
	EndProjectSection
EndProject
Global
	GlobalSection(SolutionConfigurationPlatforms) = preSolution
		Debug|Any CPU = Debug|Any CPU
		Release|Any CPU = Release|Any CPU
	EndGlobalSection
	GlobalSection(ProjectConfigurationPlatforms) = postSolution
		{5DC0E975-EB28-4BFD-A5F1-14892BA04442}.Debug|Any CPU.ActiveCfg = Debug|Any CPU
		{5DC0E975-EB28-4BFD-A5F1-14892BA04442}.Debug|Any CPU.Build.0 = Debug|Any CPU
		{5DC0E975-EB28-4BFD-A5F1-14892BA04442}.Release|Any CPU.ActiveCfg = Release|Any CPU
		{5DC0E975-EB28-4BFD-A5F1-14892BA04442}.Release|Any CPU.Build.0 = Release|Any CPU
		{9C781B78-36A8-4B3C-88C0-99FA05DC4A0F}.Debug|Any CPU.ActiveCfg = Debug|Any CPU
		{9C781B78-36A8-4B3C-88C0-99FA05DC4A0F}.Debug|Any CPU.Build.0 = Debug|Any CPU
		{9C781B78-36A8-4B3C-88C0-99FA05DC4A0F}.Release|Any CPU.ActiveCfg = Release|Any CPU
		{9C781B78-36A8-4B3C-88C0-99FA05DC4A0F}.Release|Any CPU.Build.0 = Release|Any CPU
		{455EFF53-87A1-4C0F-B6FE-72CABBDC7229}.Debug|Any CPU.ActiveCfg = Debug|Any CPU
		{455EFF53-87A1-4C0F-B6FE-72CABBDC7229}.Debug|Any CPU.Build.0 = Debug|Any CPU
		{455EFF53-87A1-4C0F-B6FE-72CABBDC7229}.Release|Any CPU.ActiveCfg = Release|Any CPU
		{455EFF53-87A1-4C0F-B6FE-72CABBDC7229}.Release|Any CPU.Build.0 = Release|Any CPU
		{FA22A232-B503-48F3-A2A8-6424F69EEC18}.Debug|Any CPU.ActiveCfg = Debug|Any CPU
		{FA22A232-B503-48F3-A2A8-6424F69EEC18}.Debug|Any CPU.Build.0 = Debug|Any CPU
		{FA22A232-B503-48F3-A2A8-6424F69EEC18}.Release|Any CPU.ActiveCfg = Release|Any CPU
		{FA22A232-B503-48F3-A2A8-6424F69EEC18}.Release|Any CPU.Build.0 = Release|Any CPU
		{BE9CEEDE-C282-4C35-9FB8-1295593709BE}.Debug|Any CPU.ActiveCfg = Debug|Any CPU
		{BE9CEEDE-C282-4C35-9FB8-1295593709BE}.Debug|Any CPU.Build.0 = Debug|Any CPU
		{BE9CEEDE-C282-4C35-9FB8-1295593709BE}.Release|Any CPU.ActiveCfg = Release|Any CPU
		{BE9CEEDE-C282-4C35-9FB8-1295593709BE}.Release|Any CPU.Build.0 = Release|Any CPU
		{EE1CE187-0EFF-4C82-ADBE-7CDA2FCDD095}.Debug|Any CPU.ActiveCfg = Debug|Any CPU
		{EE1CE187-0EFF-4C82-ADBE-7CDA2FCDD095}.Debug|Any CPU.Build.0 = Debug|Any CPU
		{EE1CE187-0EFF-4C82-ADBE-7CDA2FCDD095}.Release|Any CPU.ActiveCfg = Release|Any CPU
		{EE1CE187-0EFF-4C82-ADBE-7CDA2FCDD095}.Release|Any CPU.Build.0 = Release|Any CPU
	EndGlobalSection
	GlobalSection(SolutionProperties) = preSolution
		HideSolutionNode = FALSE
	EndGlobalSection
	GlobalSection(NestedProjects) = preSolution
		{5DC0E975-EB28-4BFD-A5F1-14892BA04442} = {313CAFB4-37EF-47C4-A776-56F679B11228}
		{9C781B78-36A8-4B3C-88C0-99FA05DC4A0F} = {9DB90D91-561C-4E60-98AE-A4A20267BB44}
		{455EFF53-87A1-4C0F-B6FE-72CABBDC7229} = {9DB90D91-561C-4E60-98AE-A4A20267BB44}
		{FA22A232-B503-48F3-A2A8-6424F69EEC18} = {57951CC5-3783-49E8-85CE-436E885BD085}
		{BE9CEEDE-C282-4C35-9FB8-1295593709BE} = {57951CC5-3783-49E8-85CE-436E885BD085}
		{EE1CE187-0EFF-4C82-ADBE-7CDA2FCDD095} = {4AF5C1A1-9CC5-4BC9-8394-5A4A6822EFEA}
		{9DB90D91-561C-4E60-98AE-A4A20267BB44} = {DAB2A8E1-4C8E-4790-9B4F-21C121C26493}
		{9725DDAA-E48C-4A87-8C03-119D1C15D532} = {DAB2A8E1-4C8E-4790-9B4F-21C121C26493}
		{57951CC5-3783-49E8-85CE-436E885BD085} = {DAB2A8E1-4C8E-4790-9B4F-21C121C26493}
		{7E374A3D-ED83-4011-B491-1E63FEBDA044} = {DAB2A8E1-4C8E-4790-9B4F-21C121C26493}
		{43BBEDB7-EAFD-4108-A1F2-A760D5B59E45} = {DAB2A8E1-4C8E-4790-9B4F-21C121C26493}
		{313CAFB4-37EF-47C4-A776-56F679B11228} = {9725DDAA-E48C-4A87-8C03-119D1C15D532}
		{4AF5C1A1-9CC5-4BC9-8394-5A4A6822EFEA} = {9725DDAA-E48C-4A87-8C03-119D1C15D532}
	EndGlobalSection
EndGlobal
