
Microsoft Visual Studio Solution File, Format Version 12.00
# Visual Studio Version 17
VisualStudioVersion = 17.0.31903.59
MinimumVisualStudioVersion = 10.0.40219.1
Project("{2150E333-8FDC-42A3-9474-1A3956D46DE8}") = "Solution Items", "Solution Items", "{AE298B7F-6801-4FA3-8675-E4BC80AA255A}"
	ProjectSection(SolutionItems) = preProject
		.gitignore = .gitignore
		README.md = README.md
	EndProjectSection
EndProject
Project("{2150E333-8FDC-42A3-9474-1A3956D46DE8}") = "src", "src", "{8A2A4A89-1133-487D-8F83-4D30D8C3BF28}"
EndProject
Project("{2150E333-8FDC-42A3-9474-1A3956D46DE8}") = "Infrastructure", "Infrastructure", "{C897F37D-FA42-42E8-AF58-822FC7CE9363}"
EndProject
Project("{2150E333-8FDC-42A3-9474-1A3956D46DE8}") = "core", "core", "{43BBBD4E-EC5D-4248-977D-EFEF5FE91E23}"
EndProject
Project("{2150E333-8FDC-42A3-9474-1A3956D46DE8}") = "web", "web", "{17C62F65-C268-4449-996B-B3533FBD00F7}"
EndProject
Project("{FAE04EC0-301F-11D3-BF4B-00C04F79EFBC}") = "OrchestrationPlatform.Application", "src\core\OrchestrationPlatform.Application\OrchestrationPlatform.Application.csproj", "{84441E6C-E157-45B7-B1CE-439B4B201494}"
EndProject
Project("{FAE04EC0-301F-11D3-BF4B-00C04F79EFBC}") = "OrchestrationPlatform.Domain", "src\core\OrchestrationPlatform.Domain\OrchestrationPlatform.Domain.csproj", "{4024EE25-9BB1-4B8C-9D23-E3DC4FFD691E}"
EndProject
Project("{FAE04EC0-301F-11D3-BF4B-00C04F79EFBC}") = "OrchestrationPlatform.Infrastructure.External", "src\Infrastructure\OrchestrationPlatform.Infrastructure.External\OrchestrationPlatform.Infrastructure.External.csproj", "{933EBE44-C712-49FD-B252-EEC700E72923}"
EndProject
Project("{2150E333-8FDC-42A3-9474-1A3956D46DE8}") = "api", "api", "{70175963-CBD6-4FBE-A552-60DECCF6FCBC}"
EndProject
Project("{2150E333-8FDC-42A3-9474-1A3956D46DE8}") = "presentation", "presentation", "{0360B8E7-9DAC-4DF6-B3EF-19FCAD2ACF2A}"
EndProject
Project("{FAE04EC0-301F-11D3-BF4B-00C04F79EFBC}") = "OrchestrationPlatform.Web", "src\web\presentation\OrchestrationPlatform.Web\OrchestrationPlatform.Web.csproj", "{CDB28FB9-90F1-4968-9C41-EF737AB6BF82}"
EndProject
Project("{FAE04EC0-301F-11D3-BF4B-00C04F79EFBC}") = "OrchestrationPlatform.Infrastructure.Persistence", "src\infrastructure\OrchestrationPlatform.Infrastructure.Persistence\OrchestrationPlatform.Infrastructure.Persistence.csproj", "{2F497E88-F980-4613-BF71-1516B416E9C4}"
EndProject
Project("{FAE04EC0-301F-11D3-BF4B-00C04F79EFBC}") = "OrchestrationPlatform.Api", "OrchestrationPlatform.Api\OrchestrationPlatform.Api.csproj", "{D54496C7-B295-41B8-9E6B-E4E9D4D2BF0B}"
EndProject
Global
	GlobalSection(SolutionConfigurationPlatforms) = preSolution
		Debug|Any CPU = Debug|Any CPU
		Release|Any CPU = Release|Any CPU
	EndGlobalSection
	GlobalSection(ProjectConfigurationPlatforms) = postSolution
		{84441E6C-E157-45B7-B1CE-439B4B201494}.Debug|Any CPU.ActiveCfg = Debug|Any CPU
		{84441E6C-E157-45B7-B1CE-439B4B201494}.Debug|Any CPU.Build.0 = Debug|Any CPU
		{84441E6C-E157-45B7-B1CE-439B4B201494}.Release|Any CPU.ActiveCfg = Release|Any CPU
		{84441E6C-E157-45B7-B1CE-439B4B201494}.Release|Any CPU.Build.0 = Release|Any CPU
		{4024EE25-9BB1-4B8C-9D23-E3DC4FFD691E}.Debug|Any CPU.ActiveCfg = Debug|Any CPU
		{4024EE25-9BB1-4B8C-9D23-E3DC4FFD691E}.Debug|Any CPU.Build.0 = Debug|Any CPU
		{4024EE25-9BB1-4B8C-9D23-E3DC4FFD691E}.Release|Any CPU.ActiveCfg = Release|Any CPU
		{4024EE25-9BB1-4B8C-9D23-E3DC4FFD691E}.Release|Any CPU.Build.0 = Release|Any CPU
		{933EBE44-C712-49FD-B252-EEC700E72923}.Debug|Any CPU.ActiveCfg = Debug|Any CPU
		{933EBE44-C712-49FD-B252-EEC700E72923}.Debug|Any CPU.Build.0 = Debug|Any CPU
		{933EBE44-C712-49FD-B252-EEC700E72923}.Release|Any CPU.ActiveCfg = Release|Any CPU
		{933EBE44-C712-49FD-B252-EEC700E72923}.Release|Any CPU.Build.0 = Release|Any CPU
		{CDB28FB9-90F1-4968-9C41-EF737AB6BF82}.Debug|Any CPU.ActiveCfg = Debug|Any CPU
		{CDB28FB9-90F1-4968-9C41-EF737AB6BF82}.Debug|Any CPU.Build.0 = Debug|Any CPU
		{CDB28FB9-90F1-4968-9C41-EF737AB6BF82}.Release|Any CPU.ActiveCfg = Release|Any CPU
		{CDB28FB9-90F1-4968-9C41-EF737AB6BF82}.Release|Any CPU.Build.0 = Release|Any CPU
		{2F497E88-F980-4613-BF71-1516B416E9C4}.Debug|Any CPU.ActiveCfg = Debug|Any CPU
		{2F497E88-F980-4613-BF71-1516B416E9C4}.Debug|Any CPU.Build.0 = Debug|Any CPU
		{2F497E88-F980-4613-BF71-1516B416E9C4}.Release|Any CPU.ActiveCfg = Release|Any CPU
		{2F497E88-F980-4613-BF71-1516B416E9C4}.Release|Any CPU.Build.0 = Release|Any CPU
		{D54496C7-B295-41B8-9E6B-E4E9D4D2BF0B}.Debug|Any CPU.ActiveCfg = Debug|Any CPU
		{D54496C7-B295-41B8-9E6B-E4E9D4D2BF0B}.Debug|Any CPU.Build.0 = Debug|Any CPU
		{D54496C7-B295-41B8-9E6B-E4E9D4D2BF0B}.Release|Any CPU.ActiveCfg = Release|Any CPU
		{D54496C7-B295-41B8-9E6B-E4E9D4D2BF0B}.Release|Any CPU.Build.0 = Release|Any CPU
	EndGlobalSection
	GlobalSection(SolutionProperties) = preSolution
		HideSolutionNode = FALSE
	EndGlobalSection
	GlobalSection(NestedProjects) = preSolution
		{C897F37D-FA42-42E8-AF58-822FC7CE9363} = {8A2A4A89-1133-487D-8F83-4D30D8C3BF28}
		{43BBBD4E-EC5D-4248-977D-EFEF5FE91E23} = {8A2A4A89-1133-487D-8F83-4D30D8C3BF28}
		{17C62F65-C268-4449-996B-B3533FBD00F7} = {8A2A4A89-1133-487D-8F83-4D30D8C3BF28}
		{84441E6C-E157-45B7-B1CE-439B4B201494} = {43BBBD4E-EC5D-4248-977D-EFEF5FE91E23}
		{4024EE25-9BB1-4B8C-9D23-E3DC4FFD691E} = {43BBBD4E-EC5D-4248-977D-EFEF5FE91E23}
		{933EBE44-C712-49FD-B252-EEC700E72923} = {C897F37D-FA42-42E8-AF58-822FC7CE9363}
		{70175963-CBD6-4FBE-A552-60DECCF6FCBC} = {17C62F65-C268-4449-996B-B3533FBD00F7}
		{0360B8E7-9DAC-4DF6-B3EF-19FCAD2ACF2A} = {17C62F65-C268-4449-996B-B3533FBD00F7}
		{CDB28FB9-90F1-4968-9C41-EF737AB6BF82} = {0360B8E7-9DAC-4DF6-B3EF-19FCAD2ACF2A}
		{2F497E88-F980-4613-BF71-1516B416E9C4} = {C897F37D-FA42-42E8-AF58-822FC7CE9363}
		{D54496C7-B295-41B8-9E6B-E4E9D4D2BF0B} = {70175963-CBD6-4FBE-A552-60DECCF6FCBC}
	EndGlobalSection
EndGlobal
